
Microsoft Visual Studio Solution File, Format Version 12.00
# Visual Studio 15
VisualStudioVersion = 15.0.27703.2018
MinimumVisualStudioVersion = 10.0.40219.1
Project("{FAE04EC0-301F-11D3-BF4B-00C04F79EFBC}") = "Forces", "Forces\Forces.csproj", "{F41E6CB7-D9BC-4C7E-B1B5-AE061B91D287}"
EndProject
Global
	GlobalSection(SolutionConfigurationPlatforms) = preSolution
		Debug|Any CPU = Debug|Any CPU
		Release|Any CPU = Release|Any CPU
	EndGlobalSection
	GlobalSection(ProjectConfigurationPlatforms) = postSolution
		{F41E6CB7-D9BC-4C7E-B1B5-AE061B91D287}.Debug|Any CPU.ActiveCfg = Debug|Any CPU
		{F41E6CB7-D9BC-4C7E-B1B5-AE061B91D287}.Debug|Any CPU.Build.0 = Debug|Any CPU
		{F41E6CB7-D9BC-4C7E-B1B5-AE061B91D287}.Release|Any CPU.ActiveCfg = Release|Any CPU
		{F41E6CB7-D9BC-4C7E-B1B5-AE061B91D287}.Release|Any CPU.Build.0 = Release|Any CPU
	EndGlobalSection
	GlobalSection(SolutionProperties) = preSolution
		HideSolutionNode = FALSE
	EndGlobalSection
	GlobalSection(ExtensibilityGlobals) = postSolution
		SolutionGuid = {144A9336-93A3-417F-A8E4-D96D2FBA0E5B}
	EndGlobalSection
EndGlobal
